<?xml version="1.0" encoding="utf-8"?>
<Project ToolsVersion="4.0" xmlns="http://schemas.microsoft.com/developer/msbuild/2003">
  <ItemGroup>
    <ClCompile Include="BlackHoleTest.cpp" />
    <ClCompile Include="BlueprintLoaderTest.cpp" />
    <ClCompile Include="GameTest.cpp" />
    <ClCompile Include="ReactorTest.cpp" />
    <ClCompile Include="MinimapTest.cpp" />
    <ClCompile Include="ScoreboardTest.cpp" />
    <ClCompile Include="stdafx.cpp" />
    <ClCompile Include="StealthTest.cpp" />
    <ClCompile Include="StellarReactionTest.cpp" />
    <ClCompile Include="TeleportTest.cpp" />
    <ClCompile Include="CapturePointTest.cpp" />
    <ClCompile Include="Health.cpp" />
    <ClCompile Include="ShipModuleTest.cpp" />
    <ClCompile Include="Pool.cpp" />
    <ClCompile Include="FindNearestTest.cpp" />
  </ItemGroup>
  <ItemGroup>
    <ClInclude Include="stdafx.h" />
    <ClInclude Include="targetver.h" />
  </ItemGroup>
  <ItemGroup>
    <None Include="testblueprints\weapons\test_weapon.bp" />
    <None Include="testblueprints\projectiles\test_projectile.bp" />
    <None Include="testblueprints\modules\test_module.bp" />
    <None Include="testblueprints\chunks\Ships\test_chunk.bp" />
  </ItemGroup>
</Project>